
Microsoft Visual Studio Solution File, Format Version 12.00
# Visual Studio Version 16
VisualStudioVersion = 16.0.33328.57
MinimumVisualStudioVersion = 10.0.40219.1
Project("{FAE04EC0-301F-11D3-BF4B-00C04F79EFBC}") = "MapGeneration", "MapGeneration.csproj", "{3834DEE7-292E-252A-D0CE-D472D29F0DE1}"
EndProject
Project("{FAE04EC0-301F-11D3-BF4B-00C04F79EFBC}") = "Assembly-CSharp", "Assembly-CSharp.csproj", "{970B5706-7207-F00F-BE7C-6BD02C18A982}"
EndProject
Project("{FAE04EC0-301F-11D3-BF4B-00C04F79EFBC}") = "Objective", "Objective.csproj", "{E8772CB3-2E79-19E3-A2CF-3084BCF1622E}"
EndProject
Project("{FAE04EC0-301F-11D3-BF4B-00C04F79EFBC}") = "Utility", "Utility.csproj", "{9EA74B9C-2454-5F4B-D841-E72AB13EEE23}"
EndProject
Project("{FAE04EC0-301F-11D3-BF4B-00C04F79EFBC}") = "Player", "Player.csproj", "{2AF2FEBA-3411-254C-2D69-09EA00886CF3}"
EndProject
Project("{FAE04EC0-301F-11D3-BF4B-00C04F79EFBC}") = "UI", "UI.csproj", "{290AF5D2-D0F5-7C0B-E2BD-EC2ABD09A9BB}"
EndProject
Project("{FAE04EC0-301F-11D3-BF4B-00C04F79EFBC}") = "Weapons", "Weapons.csproj", "{6402A288-C360-0456-CFE4-1D1D4AC7F845}"
EndProject
Project("{FAE04EC0-301F-11D3-BF4B-00C04F79EFBC}") = "Zombies", "Zombies.csproj", "{F7235AE3-197D-F799-B64E-B285283355E7}"
EndProject
Global
	GlobalSection(SolutionConfigurationPlatforms) = preSolution
		Debug|Any CPU = Debug|Any CPU
		Release|Any CPU = Release|Any CPU
	EndGlobalSection
	GlobalSection(ProjectConfigurationPlatforms) = postSolution
		{3834DEE7-292E-252A-D0CE-D472D29F0DE1}.Debug|Any CPU.ActiveCfg = Debug|Any CPU
		{3834DEE7-292E-252A-D0CE-D472D29F0DE1}.Debug|Any CPU.Build.0 = Debug|Any CPU
		{3834DEE7-292E-252A-D0CE-D472D29F0DE1}.Release|Any CPU.ActiveCfg = Release|Any CPU
		{3834DEE7-292E-252A-D0CE-D472D29F0DE1}.Release|Any CPU.Build.0 = Release|Any CPU
		{970B5706-7207-F00F-BE7C-6BD02C18A982}.Debug|Any CPU.ActiveCfg = Debug|Any CPU
		{970B5706-7207-F00F-BE7C-6BD02C18A982}.Debug|Any CPU.Build.0 = Debug|Any CPU
		{970B5706-7207-F00F-BE7C-6BD02C18A982}.Release|Any CPU.ActiveCfg = Release|Any CPU
		{970B5706-7207-F00F-BE7C-6BD02C18A982}.Release|Any CPU.Build.0 = Release|Any CPU
		{E8772CB3-2E79-19E3-A2CF-3084BCF1622E}.Debug|Any CPU.ActiveCfg = Debug|Any CPU
		{E8772CB3-2E79-19E3-A2CF-3084BCF1622E}.Debug|Any CPU.Build.0 = Debug|Any CPU
		{E8772CB3-2E79-19E3-A2CF-3084BCF1622E}.Release|Any CPU.ActiveCfg = Release|Any CPU
		{E8772CB3-2E79-19E3-A2CF-3084BCF1622E}.Release|Any CPU.Build.0 = Release|Any CPU
		{9EA74B9C-2454-5F4B-D841-E72AB13EEE23}.Debug|Any CPU.ActiveCfg = Debug|Any CPU
		{9EA74B9C-2454-5F4B-D841-E72AB13EEE23}.Debug|Any CPU.Build.0 = Debug|Any CPU
		{9EA74B9C-2454-5F4B-D841-E72AB13EEE23}.Release|Any CPU.ActiveCfg = Release|Any CPU
		{9EA74B9C-2454-5F4B-D841-E72AB13EEE23}.Release|Any CPU.Build.0 = Release|Any CPU
		{2AF2FEBA-3411-254C-2D69-09EA00886CF3}.Debug|Any CPU.ActiveCfg = Debug|Any CPU
		{2AF2FEBA-3411-254C-2D69-09EA00886CF3}.Debug|Any CPU.Build.0 = Debug|Any CPU
		{2AF2FEBA-3411-254C-2D69-09EA00886CF3}.Release|Any CPU.ActiveCfg = Release|Any CPU
		{2AF2FEBA-3411-254C-2D69-09EA00886CF3}.Release|Any CPU.Build.0 = Release|Any CPU
		{290AF5D2-D0F5-7C0B-E2BD-EC2ABD09A9BB}.Debug|Any CPU.ActiveCfg = Debug|Any CPU
		{290AF5D2-D0F5-7C0B-E2BD-EC2ABD09A9BB}.Debug|Any CPU.Build.0 = Debug|Any CPU
		{290AF5D2-D0F5-7C0B-E2BD-EC2ABD09A9BB}.Release|Any CPU.ActiveCfg = Release|Any CPU
		{290AF5D2-D0F5-7C0B-E2BD-EC2ABD09A9BB}.Release|Any CPU.Build.0 = Release|Any CPU
		{6402A288-C360-0456-CFE4-1D1D4AC7F845}.Debug|Any CPU.ActiveCfg = Debug|Any CPU
		{6402A288-C360-0456-CFE4-1D1D4AC7F845}.Debug|Any CPU.Build.0 = Debug|Any CPU
		{6402A288-C360-0456-CFE4-1D1D4AC7F845}.Release|Any CPU.ActiveCfg = Release|Any CPU
		{6402A288-C360-0456-CFE4-1D1D4AC7F845}.Release|Any CPU.Build.0 = Release|Any CPU
		{F7235AE3-197D-F799-B64E-B285283355E7}.Debug|Any CPU.ActiveCfg = Debug|Any CPU
		{F7235AE3-197D-F799-B64E-B285283355E7}.Debug|Any CPU.Build.0 = Debug|Any CPU
		{F7235AE3-197D-F799-B64E-B285283355E7}.Release|Any CPU.ActiveCfg = Release|Any CPU
		{F7235AE3-197D-F799-B64E-B285283355E7}.Release|Any CPU.Build.0 = Release|Any CPU
	EndGlobalSection
	GlobalSection(SolutionProperties) = preSolution
		HideSolutionNode = FALSE
	EndGlobalSection
	GlobalSection(ExtensibilityGlobals) = postSolution
		SolutionGuid = {FA731DCE-8DD9-474B-959E-3E4B208ECF2D}
	EndGlobalSection
EndGlobal
